
Microsoft Visual Studio Solution File, Format Version 12.00
# Visual Studio Version 17
VisualStudioVersion = 17.4.33213.308
MinimumVisualStudioVersion = 10.0.40219.1
Project("{8BC9CEB8-8B4A-11D0-8D11-00A0C91BC942}") = "homework_02", "homework_02\homework_02.vcxproj", "{B4ACBDF6-CCD8-4D36-9142-78D9E4A110E8}"
EndProject
Project("{8BC9CEB8-8B4A-11D0-8D11-00A0C91BC942}") = "homework_05_01", "homework_05_01\homework_05_01.vcxproj", "{51C7B314-6AE4-4B95-A9BC-4AA4EF414068}"
EndProject
Project("{8BC9CEB8-8B4A-11D0-8D11-00A0C91BC942}") = "homework_05_02", "homework_05_02\homework_05_02.vcxproj", "{7A30E016-2CA0-445A-9852-2F6E33BCEE7E}"
EndProject
Project("{8BC9CEB8-8B4A-11D0-8D11-00A0C91BC942}") = "homework_05_03", "homework_05_03\homework_05_03.vcxproj", "{E8D94808-D40E-454C-81C2-C72CB34C1A3E}"
EndProject
Project("{8BC9CEB8-8B4A-11D0-8D11-00A0C91BC942}") = "homework_05_04", "homework_05_04\homework_05_04.vcxproj", "{90C99981-4BEA-4426-BB46-84939EB6CBB0}"
EndProject
Project("{8BC9CEB8-8B4A-11D0-8D11-00A0C91BC942}") = "homework_05_05", "homework_05_05\homework_05_05.vcxproj", "{596A7514-C969-4798-8EF6-6C1B1044D76D}"
EndProject
Project("{8BC9CEB8-8B4A-11D0-8D11-00A0C91BC942}") = "homework_05_06", "homework_05_06\homework_05_06.vcxproj", "{DC37330D-DBE4-4BF4-980B-59CD0F38606B}"
EndProject
Project("{8BC9CEB8-8B4A-11D0-8D11-00A0C91BC942}") = "homework_05_07", "homework_05_07\homework_05_07.vcxproj", "{DB6214FF-5618-4E3A-A940-4E5CBAF4D09C}"
EndProject
Project("{8BC9CEB8-8B4A-11D0-8D11-00A0C91BC942}") = "homework_05_08", "homework_05_08\homework_05_08.vcxproj", "{71C5A677-ECE0-48AD-9B50-84ACBAAD63A3}"
EndProject
Project("{8BC9CEB8-8B4A-11D0-8D11-00A0C91BC942}") = "homework_05_09", "homework_05_09\homework_05_09.vcxproj", "{EAC7F6A3-715E-4D99-AE5D-62196D5A9895}"
EndProject
Project("{8BC9CEB8-8B4A-11D0-8D11-00A0C91BC942}") = "homework_05_10", "homework_05_10\homework_05_10.vcxproj", "{1F4157C4-2779-40AC-A517-0DC88C1A1946}"
EndProject
Global
	GlobalSection(SolutionConfigurationPlatforms) = preSolution
		Debug|x64 = Debug|x64
		Debug|x86 = Debug|x86
		Release|x64 = Release|x64
		Release|x86 = Release|x86
	EndGlobalSection
	GlobalSection(ProjectConfigurationPlatforms) = postSolution
		{B4ACBDF6-CCD8-4D36-9142-78D9E4A110E8}.Debug|x64.ActiveCfg = Debug|x64
		{B4ACBDF6-CCD8-4D36-9142-78D9E4A110E8}.Debug|x64.Build.0 = Debug|x64
		{B4ACBDF6-CCD8-4D36-9142-78D9E4A110E8}.Debug|x86.ActiveCfg = Debug|Win32
		{B4ACBDF6-CCD8-4D36-9142-78D9E4A110E8}.Debug|x86.Build.0 = Debug|Win32
		{B4ACBDF6-CCD8-4D36-9142-78D9E4A110E8}.Release|x64.ActiveCfg = Release|x64
		{B4ACBDF6-CCD8-4D36-9142-78D9E4A110E8}.Release|x64.Build.0 = Release|x64
		{B4ACBDF6-CCD8-4D36-9142-78D9E4A110E8}.Release|x86.ActiveCfg = Release|Win32
		{B4ACBDF6-CCD8-4D36-9142-78D9E4A110E8}.Release|x86.Build.0 = Release|Win32
		{51C7B314-6AE4-4B95-A9BC-4AA4EF414068}.Debug|x64.ActiveCfg = Debug|x64
		{51C7B314-6AE4-4B95-A9BC-4AA4EF414068}.Debug|x64.Build.0 = Debug|x64
		{51C7B314-6AE4-4B95-A9BC-4AA4EF414068}.Debug|x86.ActiveCfg = Debug|Win32
		{51C7B314-6AE4-4B95-A9BC-4AA4EF414068}.Debug|x86.Build.0 = Debug|Win32
		{51C7B314-6AE4-4B95-A9BC-4AA4EF414068}.Release|x64.ActiveCfg = Release|x64
		{51C7B314-6AE4-4B95-A9BC-4AA4EF414068}.Release|x64.Build.0 = Release|x64
		{51C7B314-6AE4-4B95-A9BC-4AA4EF414068}.Release|x86.ActiveCfg = Release|Win32
		{51C7B314-6AE4-4B95-A9BC-4AA4EF414068}.Release|x86.Build.0 = Release|Win32
		{7A30E016-2CA0-445A-9852-2F6E33BCEE7E}.Debug|x64.ActiveCfg = Debug|x64
		{7A30E016-2CA0-445A-9852-2F6E33BCEE7E}.Debug|x64.Build.0 = Debug|x64
		{7A30E016-2CA0-445A-9852-2F6E33BCEE7E}.Debug|x86.ActiveCfg = Debug|Win32
		{7A30E016-2CA0-445A-9852-2F6E33BCEE7E}.Debug|x86.Build.0 = Debug|Win32
		{7A30E016-2CA0-445A-9852-2F6E33BCEE7E}.Release|x64.ActiveCfg = Release|x64
		{7A30E016-2CA0-445A-9852-2F6E33BCEE7E}.Release|x64.Build.0 = Release|x64
		{7A30E016-2CA0-445A-9852-2F6E33BCEE7E}.Release|x86.ActiveCfg = Release|Win32
		{7A30E016-2CA0-445A-9852-2F6E33BCEE7E}.Release|x86.Build.0 = Release|Win32
		{E8D94808-D40E-454C-81C2-C72CB34C1A3E}.Debug|x64.ActiveCfg = Debug|x64
		{E8D94808-D40E-454C-81C2-C72CB34C1A3E}.Debug|x64.Build.0 = Debug|x64
		{E8D94808-D40E-454C-81C2-C72CB34C1A3E}.Debug|x86.ActiveCfg = Debug|Win32
		{E8D94808-D40E-454C-81C2-C72CB34C1A3E}.Debug|x86.Build.0 = Debug|Win32
		{E8D94808-D40E-454C-81C2-C72CB34C1A3E}.Release|x64.ActiveCfg = Release|x64
		{E8D94808-D40E-454C-81C2-C72CB34C1A3E}.Release|x64.Build.0 = Release|x64
		{E8D94808-D40E-454C-81C2-C72CB34C1A3E}.Release|x86.ActiveCfg = Release|Win32
		{E8D94808-D40E-454C-81C2-C72CB34C1A3E}.Release|x86.Build.0 = Release|Win32
		{90C99981-4BEA-4426-BB46-84939EB6CBB0}.Debug|x64.ActiveCfg = Debug|x64
		{90C99981-4BEA-4426-BB46-84939EB6CBB0}.Debug|x64.Build.0 = Debug|x64
		{90C99981-4BEA-4426-BB46-84939EB6CBB0}.Debug|x86.ActiveCfg = Debug|Win32
		{90C99981-4BEA-4426-BB46-84939EB6CBB0}.Debug|x86.Build.0 = Debug|Win32
		{90C99981-4BEA-4426-BB46-84939EB6CBB0}.Release|x64.ActiveCfg = Release|x64
		{90C99981-4BEA-4426-BB46-84939EB6CBB0}.Release|x64.Build.0 = Release|x64
		{90C99981-4BEA-4426-BB46-84939EB6CBB0}.Release|x86.ActiveCfg = Release|Win32
		{90C99981-4BEA-4426-BB46-84939EB6CBB0}.Release|x86.Build.0 = Release|Win32
		{596A7514-C969-4798-8EF6-6C1B1044D76D}.Debug|x64.ActiveCfg = Debug|x64
		{596A7514-C969-4798-8EF6-6C1B1044D76D}.Debug|x64.Build.0 = Debug|x64
		{596A7514-C969-4798-8EF6-6C1B1044D76D}.Debug|x86.ActiveCfg = Debug|Win32
		{596A7514-C969-4798-8EF6-6C1B1044D76D}.Debug|x86.Build.0 = Debug|Win32
		{596A7514-C969-4798-8EF6-6C1B1044D76D}.Release|x64.ActiveCfg = Release|x64
		{596A7514-C969-4798-8EF6-6C1B1044D76D}.Release|x64.Build.0 = Release|x64
		{596A7514-C969-4798-8EF6-6C1B1044D76D}.Release|x86.ActiveCfg = Release|Win32
		{596A7514-C969-4798-8EF6-6C1B1044D76D}.Release|x86.Build.0 = Release|Win32
		{DC37330D-DBE4-4BF4-980B-59CD0F38606B}.Debug|x64.ActiveCfg = Debug|x64
		{DC37330D-DBE4-4BF4-980B-59CD0F38606B}.Debug|x64.Build.0 = Debug|x64
		{DC37330D-DBE4-4BF4-980B-59CD0F38606B}.Debug|x86.ActiveCfg = Debug|Win32
		{DC37330D-DBE4-4BF4-980B-59CD0F38606B}.Debug|x86.Build.0 = Debug|Win32
		{DC37330D-DBE4-4BF4-980B-59CD0F38606B}.Release|x64.ActiveCfg = Release|x64
		{DC37330D-DBE4-4BF4-980B-59CD0F38606B}.Release|x64.Build.0 = Release|x64
		{DC37330D-DBE4-4BF4-980B-59CD0F38606B}.Release|x86.ActiveCfg = Release|Win32
		{DC37330D-DBE4-4BF4-980B-59CD0F38606B}.Release|x86.Build.0 = Release|Win32
		{DB6214FF-5618-4E3A-A940-4E5CBAF4D09C}.Debug|x64.ActiveCfg = Debug|x64
		{DB6214FF-5618-4E3A-A940-4E5CBAF4D09C}.Debug|x64.Build.0 = Debug|x64
		{DB6214FF-5618-4E3A-A940-4E5CBAF4D09C}.Debug|x86.ActiveCfg = Debug|Win32
		{DB6214FF-5618-4E3A-A940-4E5CBAF4D09C}.Debug|x86.Build.0 = Debug|Win32
		{DB6214FF-5618-4E3A-A940-4E5CBAF4D09C}.Release|x64.ActiveCfg = Release|x64
		{DB6214FF-5618-4E3A-A940-4E5CBAF4D09C}.Release|x64.Build.0 = Release|x64
		{DB6214FF-5618-4E3A-A940-4E5CBAF4D09C}.Release|x86.ActiveCfg = Release|Win32
		{DB6214FF-5618-4E3A-A940-4E5CBAF4D09C}.Release|x86.Build.0 = Release|Win32
		{71C5A677-ECE0-48AD-9B50-84ACBAAD63A3}.Debug|x64.ActiveCfg = Debug|x64
		{71C5A677-ECE0-48AD-9B50-84ACBAAD63A3}.Debug|x64.Build.0 = Debug|x64
		{71C5A677-ECE0-48AD-9B50-84ACBAAD63A3}.Debug|x86.ActiveCfg = Debug|Win32
		{71C5A677-ECE0-48AD-9B50-84ACBAAD63A3}.Debug|x86.Build.0 = Debug|Win32
		{71C5A677-ECE0-48AD-9B50-84ACBAAD63A3}.Release|x64.ActiveCfg = Release|x64
		{71C5A677-ECE0-48AD-9B50-84ACBAAD63A3}.Release|x64.Build.0 = Release|x64
		{71C5A677-ECE0-48AD-9B50-84ACBAAD63A3}.Release|x86.ActiveCfg = Release|Win32
		{71C5A677-ECE0-48AD-9B50-84ACBAAD63A3}.Release|x86.Build.0 = Release|Win32
		{EAC7F6A3-715E-4D99-AE5D-62196D5A9895}.Debug|x64.ActiveCfg = Debug|x64
		{EAC7F6A3-715E-4D99-AE5D-62196D5A9895}.Debug|x64.Build.0 = Debug|x64
		{EAC7F6A3-715E-4D99-AE5D-62196D5A9895}.Debug|x86.ActiveCfg = Debug|Win32
		{EAC7F6A3-715E-4D99-AE5D-62196D5A9895}.Debug|x86.Build.0 = Debug|Win32
		{EAC7F6A3-715E-4D99-AE5D-62196D5A9895}.Release|x64.ActiveCfg = Release|x64
		{EAC7F6A3-715E-4D99-AE5D-62196D5A9895}.Release|x64.Build.0 = Release|x64
		{EAC7F6A3-715E-4D99-AE5D-62196D5A9895}.Release|x86.ActiveCfg = Release|Win32
		{EAC7F6A3-715E-4D99-AE5D-62196D5A9895}.Release|x86.Build.0 = Release|Win32
		{1F4157C4-2779-40AC-A517-0DC88C1A1946}.Debug|x64.ActiveCfg = Debug|x64
		{1F4157C4-2779-40AC-A517-0DC88C1A1946}.Debug|x64.Build.0 = Debug|x64
		{1F4157C4-2779-40AC-A517-0DC88C1A1946}.Debug|x86.ActiveCfg = Debug|Win32
		{1F4157C4-2779-40AC-A517-0DC88C1A1946}.Debug|x86.Build.0 = Debug|Win32
		{1F4157C4-2779-40AC-A517-0DC88C1A1946}.Release|x64.ActiveCfg = Release|x64
		{1F4157C4-2779-40AC-A517-0DC88C1A1946}.Release|x64.Build.0 = Release|x64
		{1F4157C4-2779-40AC-A517-0DC88C1A1946}.Release|x86.ActiveCfg = Release|Win32
		{1F4157C4-2779-40AC-A517-0DC88C1A1946}.Release|x86.Build.0 = Release|Win32
	EndGlobalSection
	GlobalSection(SolutionProperties) = preSolution
		HideSolutionNode = FALSE
	EndGlobalSection
	GlobalSection(ExtensibilityGlobals) = postSolution
		SolutionGuid = {27A7B33D-BC49-4F73-9AEE-51EDC029B04E}
	EndGlobalSection
EndGlobal
