
Microsoft Visual Studio Solution File, Format Version 12.00
# Visual Studio Version 17
VisualStudioVersion = 17.4.33213.308
MinimumVisualStudioVersion = 10.0.40219.1
Project("{8BC9CEB8-8B4A-11D0-8D11-00A0C91BC942}") = "homework_02", "homework_02\homework_02.vcxproj", "{B4ACBDF6-CCD8-4D36-9142-78D9E4A110E8}"
EndProject
Project("{8BC9CEB8-8B4A-11D0-8D11-00A0C91BC942}") = "homework_06_01", "homework_06_01\homework_06_01.vcxproj", "{0D3E155D-50E4-458E-9878-A87B19F9614B}"
EndProject
Project("{8BC9CEB8-8B4A-11D0-8D11-00A0C91BC942}") = "homework_06_02", "homework_06_02\homework_06_02.vcxproj", "{6B57F3E0-8A70-4789-80E7-51535B89145C}"
EndProject
Project("{8BC9CEB8-8B4A-11D0-8D11-00A0C91BC942}") = "homework_06_03", "homework_06_03\homework_06_03.vcxproj", "{5F2428A9-C92E-44E3-B1E6-5689FD2B63C8}"
EndProject
Project("{8BC9CEB8-8B4A-11D0-8D11-00A0C91BC942}") = "homework_06_04", "homework_06_04\homework_06_04.vcxproj", "{5F1D095F-CB81-4004-9233-C472BE1B2478}"
EndProject
Project("{8BC9CEB8-8B4A-11D0-8D11-00A0C91BC942}") = "homework_06_05", "homework_06_05\homework_06_05.vcxproj", "{5100D715-42E3-416C-87CB-DDD131F02833}"
EndProject
Project("{8BC9CEB8-8B4A-11D0-8D11-00A0C91BC942}") = "homework_06_06", "homework_06_06\homework_06_06.vcxproj", "{ECBF4950-B984-4FD1-BC57-F5785F043E49}"
EndProject
Project("{8BC9CEB8-8B4A-11D0-8D11-00A0C91BC942}") = "homework_06_07", "homework_06_07\homework_06_07.vcxproj", "{E0F4DEA1-1DD2-49B6-8B42-AB217088CEB5}"
EndProject
Project("{8BC9CEB8-8B4A-11D0-8D11-00A0C91BC942}") = "homework_06_08", "homework_06_08\homework_06_08.vcxproj", "{B64151C7-50B4-4498-94C1-7E00837F147E}"
EndProject
Project("{8BC9CEB8-8B4A-11D0-8D11-00A0C91BC942}") = "homework_06_09", "homework_06_09\homework_06_09.vcxproj", "{D493BDF6-D4CA-46FF-9657-D910879D5F19}"
EndProject
Project("{8BC9CEB8-8B4A-11D0-8D11-00A0C91BC942}") = "homework_06_10", "homework_06_10\homework_06_10.vcxproj", "{D9DAB04D-65D1-405E-B555-55007F4F2A84}"
EndProject
Project("{8BC9CEB8-8B4A-11D0-8D11-00A0C91BC942}") = "homework_06_11", "homework_06_11\homework_06_11.vcxproj", "{B32A1D62-8A25-4CD1-8AA6-5F6A3166B94B}"
EndProject
Project("{8BC9CEB8-8B4A-11D0-8D11-00A0C91BC942}") = "homework_06_12", "homework_06_12\homework_06_12.vcxproj", "{0C5E601C-AB30-4F56-AC77-90E145DF77DC}"
EndProject
Project("{8BC9CEB8-8B4A-11D0-8D11-00A0C91BC942}") = "homework_06_13", "homework_06_13\homework_06_13.vcxproj", "{C86AE101-9169-4B00-BE9A-4A66FF7879AF}"
EndProject
Project("{8BC9CEB8-8B4A-11D0-8D11-00A0C91BC942}") = "homework_06_14", "homework_06_14\homework_06_14.vcxproj", "{5F994EA1-9AA7-4FEC-A13B-FA1682C6DDF2}"
EndProject
Global
	GlobalSection(SolutionConfigurationPlatforms) = preSolution
		Debug|x64 = Debug|x64
		Debug|x86 = Debug|x86
		Release|x64 = Release|x64
		Release|x86 = Release|x86
	EndGlobalSection
	GlobalSection(ProjectConfigurationPlatforms) = postSolution
		{B4ACBDF6-CCD8-4D36-9142-78D9E4A110E8}.Debug|x64.ActiveCfg = Debug|x64
		{B4ACBDF6-CCD8-4D36-9142-78D9E4A110E8}.Debug|x64.Build.0 = Debug|x64
		{B4ACBDF6-CCD8-4D36-9142-78D9E4A110E8}.Debug|x86.ActiveCfg = Debug|Win32
		{B4ACBDF6-CCD8-4D36-9142-78D9E4A110E8}.Debug|x86.Build.0 = Debug|Win32
		{B4ACBDF6-CCD8-4D36-9142-78D9E4A110E8}.Release|x64.ActiveCfg = Release|x64
		{B4ACBDF6-CCD8-4D36-9142-78D9E4A110E8}.Release|x64.Build.0 = Release|x64
		{B4ACBDF6-CCD8-4D36-9142-78D9E4A110E8}.Release|x86.ActiveCfg = Release|Win32
		{B4ACBDF6-CCD8-4D36-9142-78D9E4A110E8}.Release|x86.Build.0 = Release|Win32
		{0D3E155D-50E4-458E-9878-A87B19F9614B}.Debug|x64.ActiveCfg = Debug|x64
		{0D3E155D-50E4-458E-9878-A87B19F9614B}.Debug|x64.Build.0 = Debug|x64
		{0D3E155D-50E4-458E-9878-A87B19F9614B}.Debug|x86.ActiveCfg = Debug|Win32
		{0D3E155D-50E4-458E-9878-A87B19F9614B}.Debug|x86.Build.0 = Debug|Win32
		{0D3E155D-50E4-458E-9878-A87B19F9614B}.Release|x64.ActiveCfg = Release|x64
		{0D3E155D-50E4-458E-9878-A87B19F9614B}.Release|x64.Build.0 = Release|x64
		{0D3E155D-50E4-458E-9878-A87B19F9614B}.Release|x86.ActiveCfg = Release|Win32
		{0D3E155D-50E4-458E-9878-A87B19F9614B}.Release|x86.Build.0 = Release|Win32
		{6B57F3E0-8A70-4789-80E7-51535B89145C}.Debug|x64.ActiveCfg = Debug|x64
		{6B57F3E0-8A70-4789-80E7-51535B89145C}.Debug|x64.Build.0 = Debug|x64
		{6B57F3E0-8A70-4789-80E7-51535B89145C}.Debug|x86.ActiveCfg = Debug|Win32
		{6B57F3E0-8A70-4789-80E7-51535B89145C}.Debug|x86.Build.0 = Debug|Win32
		{6B57F3E0-8A70-4789-80E7-51535B89145C}.Release|x64.ActiveCfg = Release|x64
		{6B57F3E0-8A70-4789-80E7-51535B89145C}.Release|x64.Build.0 = Release|x64
		{6B57F3E0-8A70-4789-80E7-51535B89145C}.Release|x86.ActiveCfg = Release|Win32
		{6B57F3E0-8A70-4789-80E7-51535B89145C}.Release|x86.Build.0 = Release|Win32
		{5F2428A9-C92E-44E3-B1E6-5689FD2B63C8}.Debug|x64.ActiveCfg = Debug|x64
		{5F2428A9-C92E-44E3-B1E6-5689FD2B63C8}.Debug|x64.Build.0 = Debug|x64
		{5F2428A9-C92E-44E3-B1E6-5689FD2B63C8}.Debug|x86.ActiveCfg = Debug|Win32
		{5F2428A9-C92E-44E3-B1E6-5689FD2B63C8}.Debug|x86.Build.0 = Debug|Win32
		{5F2428A9-C92E-44E3-B1E6-5689FD2B63C8}.Release|x64.ActiveCfg = Release|x64
		{5F2428A9-C92E-44E3-B1E6-5689FD2B63C8}.Release|x64.Build.0 = Release|x64
		{5F2428A9-C92E-44E3-B1E6-5689FD2B63C8}.Release|x86.ActiveCfg = Release|Win32
		{5F2428A9-C92E-44E3-B1E6-5689FD2B63C8}.Release|x86.Build.0 = Release|Win32
		{5F1D095F-CB81-4004-9233-C472BE1B2478}.Debug|x64.ActiveCfg = Debug|x64
		{5F1D095F-CB81-4004-9233-C472BE1B2478}.Debug|x64.Build.0 = Debug|x64
		{5F1D095F-CB81-4004-9233-C472BE1B2478}.Debug|x86.ActiveCfg = Debug|Win32
		{5F1D095F-CB81-4004-9233-C472BE1B2478}.Debug|x86.Build.0 = Debug|Win32
		{5F1D095F-CB81-4004-9233-C472BE1B2478}.Release|x64.ActiveCfg = Release|x64
		{5F1D095F-CB81-4004-9233-C472BE1B2478}.Release|x64.Build.0 = Release|x64
		{5F1D095F-CB81-4004-9233-C472BE1B2478}.Release|x86.ActiveCfg = Release|Win32
		{5F1D095F-CB81-4004-9233-C472BE1B2478}.Release|x86.Build.0 = Release|Win32
		{5100D715-42E3-416C-87CB-DDD131F02833}.Debug|x64.ActiveCfg = Debug|x64
		{5100D715-42E3-416C-87CB-DDD131F02833}.Debug|x64.Build.0 = Debug|x64
		{5100D715-42E3-416C-87CB-DDD131F02833}.Debug|x86.ActiveCfg = Debug|Win32
		{5100D715-42E3-416C-87CB-DDD131F02833}.Debug|x86.Build.0 = Debug|Win32
		{5100D715-42E3-416C-87CB-DDD131F02833}.Release|x64.ActiveCfg = Release|x64
		{5100D715-42E3-416C-87CB-DDD131F02833}.Release|x64.Build.0 = Release|x64
		{5100D715-42E3-416C-87CB-DDD131F02833}.Release|x86.ActiveCfg = Release|Win32
		{5100D715-42E3-416C-87CB-DDD131F02833}.Release|x86.Build.0 = Release|Win32
		{ECBF4950-B984-4FD1-BC57-F5785F043E49}.Debug|x64.ActiveCfg = Debug|x64
		{ECBF4950-B984-4FD1-BC57-F5785F043E49}.Debug|x64.Build.0 = Debug|x64
		{ECBF4950-B984-4FD1-BC57-F5785F043E49}.Debug|x86.ActiveCfg = Debug|Win32
		{ECBF4950-B984-4FD1-BC57-F5785F043E49}.Debug|x86.Build.0 = Debug|Win32
		{ECBF4950-B984-4FD1-BC57-F5785F043E49}.Release|x64.ActiveCfg = Release|x64
		{ECBF4950-B984-4FD1-BC57-F5785F043E49}.Release|x64.Build.0 = Release|x64
		{ECBF4950-B984-4FD1-BC57-F5785F043E49}.Release|x86.ActiveCfg = Release|Win32
		{ECBF4950-B984-4FD1-BC57-F5785F043E49}.Release|x86.Build.0 = Release|Win32
		{E0F4DEA1-1DD2-49B6-8B42-AB217088CEB5}.Debug|x64.ActiveCfg = Debug|x64
		{E0F4DEA1-1DD2-49B6-8B42-AB217088CEB5}.Debug|x64.Build.0 = Debug|x64
		{E0F4DEA1-1DD2-49B6-8B42-AB217088CEB5}.Debug|x86.ActiveCfg = Debug|Win32
		{E0F4DEA1-1DD2-49B6-8B42-AB217088CEB5}.Debug|x86.Build.0 = Debug|Win32
		{E0F4DEA1-1DD2-49B6-8B42-AB217088CEB5}.Release|x64.ActiveCfg = Release|x64
		{E0F4DEA1-1DD2-49B6-8B42-AB217088CEB5}.Release|x64.Build.0 = Release|x64
		{E0F4DEA1-1DD2-49B6-8B42-AB217088CEB5}.Release|x86.ActiveCfg = Release|Win32
		{E0F4DEA1-1DD2-49B6-8B42-AB217088CEB5}.Release|x86.Build.0 = Release|Win32
		{B64151C7-50B4-4498-94C1-7E00837F147E}.Debug|x64.ActiveCfg = Debug|x64
		{B64151C7-50B4-4498-94C1-7E00837F147E}.Debug|x64.Build.0 = Debug|x64
		{B64151C7-50B4-4498-94C1-7E00837F147E}.Debug|x86.ActiveCfg = Debug|Win32
		{B64151C7-50B4-4498-94C1-7E00837F147E}.Debug|x86.Build.0 = Debug|Win32
		{B64151C7-50B4-4498-94C1-7E00837F147E}.Release|x64.ActiveCfg = Release|x64
		{B64151C7-50B4-4498-94C1-7E00837F147E}.Release|x64.Build.0 = Release|x64
		{B64151C7-50B4-4498-94C1-7E00837F147E}.Release|x86.ActiveCfg = Release|Win32
		{B64151C7-50B4-4498-94C1-7E00837F147E}.Release|x86.Build.0 = Release|Win32
		{D493BDF6-D4CA-46FF-9657-D910879D5F19}.Debug|x64.ActiveCfg = Debug|x64
		{D493BDF6-D4CA-46FF-9657-D910879D5F19}.Debug|x64.Build.0 = Debug|x64
		{D493BDF6-D4CA-46FF-9657-D910879D5F19}.Debug|x86.ActiveCfg = Debug|Win32
		{D493BDF6-D4CA-46FF-9657-D910879D5F19}.Debug|x86.Build.0 = Debug|Win32
		{D493BDF6-D4CA-46FF-9657-D910879D5F19}.Release|x64.ActiveCfg = Release|x64
		{D493BDF6-D4CA-46FF-9657-D910879D5F19}.Release|x64.Build.0 = Release|x64
		{D493BDF6-D4CA-46FF-9657-D910879D5F19}.Release|x86.ActiveCfg = Release|Win32
		{D493BDF6-D4CA-46FF-9657-D910879D5F19}.Release|x86.Build.0 = Release|Win32
		{D9DAB04D-65D1-405E-B555-55007F4F2A84}.Debug|x64.ActiveCfg = Debug|x64
		{D9DAB04D-65D1-405E-B555-55007F4F2A84}.Debug|x64.Build.0 = Debug|x64
		{D9DAB04D-65D1-405E-B555-55007F4F2A84}.Debug|x86.ActiveCfg = Debug|Win32
		{D9DAB04D-65D1-405E-B555-55007F4F2A84}.Debug|x86.Build.0 = Debug|Win32
		{D9DAB04D-65D1-405E-B555-55007F4F2A84}.Release|x64.ActiveCfg = Release|x64
		{D9DAB04D-65D1-405E-B555-55007F4F2A84}.Release|x64.Build.0 = Release|x64
		{D9DAB04D-65D1-405E-B555-55007F4F2A84}.Release|x86.ActiveCfg = Release|Win32
		{D9DAB04D-65D1-405E-B555-55007F4F2A84}.Release|x86.Build.0 = Release|Win32
		{B32A1D62-8A25-4CD1-8AA6-5F6A3166B94B}.Debug|x64.ActiveCfg = Debug|x64
		{B32A1D62-8A25-4CD1-8AA6-5F6A3166B94B}.Debug|x64.Build.0 = Debug|x64
		{B32A1D62-8A25-4CD1-8AA6-5F6A3166B94B}.Debug|x86.ActiveCfg = Debug|Win32
		{B32A1D62-8A25-4CD1-8AA6-5F6A3166B94B}.Debug|x86.Build.0 = Debug|Win32
		{B32A1D62-8A25-4CD1-8AA6-5F6A3166B94B}.Release|x64.ActiveCfg = Release|x64
		{B32A1D62-8A25-4CD1-8AA6-5F6A3166B94B}.Release|x64.Build.0 = Release|x64
		{B32A1D62-8A25-4CD1-8AA6-5F6A3166B94B}.Release|x86.ActiveCfg = Release|Win32
		{B32A1D62-8A25-4CD1-8AA6-5F6A3166B94B}.Release|x86.Build.0 = Release|Win32
		{0C5E601C-AB30-4F56-AC77-90E145DF77DC}.Debug|x64.ActiveCfg = Debug|x64
		{0C5E601C-AB30-4F56-AC77-90E145DF77DC}.Debug|x64.Build.0 = Debug|x64
		{0C5E601C-AB30-4F56-AC77-90E145DF77DC}.Debug|x86.ActiveCfg = Debug|Win32
		{0C5E601C-AB30-4F56-AC77-90E145DF77DC}.Debug|x86.Build.0 = Debug|Win32
		{0C5E601C-AB30-4F56-AC77-90E145DF77DC}.Release|x64.ActiveCfg = Release|x64
		{0C5E601C-AB30-4F56-AC77-90E145DF77DC}.Release|x64.Build.0 = Release|x64
		{0C5E601C-AB30-4F56-AC77-90E145DF77DC}.Release|x86.ActiveCfg = Release|Win32
		{0C5E601C-AB30-4F56-AC77-90E145DF77DC}.Release|x86.Build.0 = Release|Win32
		{C86AE101-9169-4B00-BE9A-4A66FF7879AF}.Debug|x64.ActiveCfg = Debug|x64
		{C86AE101-9169-4B00-BE9A-4A66FF7879AF}.Debug|x64.Build.0 = Debug|x64
		{C86AE101-9169-4B00-BE9A-4A66FF7879AF}.Debug|x86.ActiveCfg = Debug|Win32
		{C86AE101-9169-4B00-BE9A-4A66FF7879AF}.Debug|x86.Build.0 = Debug|Win32
		{C86AE101-9169-4B00-BE9A-4A66FF7879AF}.Release|x64.ActiveCfg = Release|x64
		{C86AE101-9169-4B00-BE9A-4A66FF7879AF}.Release|x64.Build.0 = Release|x64
		{C86AE101-9169-4B00-BE9A-4A66FF7879AF}.Release|x86.ActiveCfg = Release|Win32
		{C86AE101-9169-4B00-BE9A-4A66FF7879AF}.Release|x86.Build.0 = Release|Win32
		{5F994EA1-9AA7-4FEC-A13B-FA1682C6DDF2}.Debug|x64.ActiveCfg = Debug|x64
		{5F994EA1-9AA7-4FEC-A13B-FA1682C6DDF2}.Debug|x64.Build.0 = Debug|x64
		{5F994EA1-9AA7-4FEC-A13B-FA1682C6DDF2}.Debug|x86.ActiveCfg = Debug|Win32
		{5F994EA1-9AA7-4FEC-A13B-FA1682C6DDF2}.Debug|x86.Build.0 = Debug|Win32
		{5F994EA1-9AA7-4FEC-A13B-FA1682C6DDF2}.Release|x64.ActiveCfg = Release|x64
		{5F994EA1-9AA7-4FEC-A13B-FA1682C6DDF2}.Release|x64.Build.0 = Release|x64
		{5F994EA1-9AA7-4FEC-A13B-FA1682C6DDF2}.Release|x86.ActiveCfg = Release|Win32
		{5F994EA1-9AA7-4FEC-A13B-FA1682C6DDF2}.Release|x86.Build.0 = Release|Win32
	EndGlobalSection
	GlobalSection(SolutionProperties) = preSolution
		HideSolutionNode = FALSE
	EndGlobalSection
	GlobalSection(ExtensibilityGlobals) = postSolution
		SolutionGuid = {27A7B33D-BC49-4F73-9AEE-51EDC029B04E}
	EndGlobalSection
EndGlobal
