
Microsoft Visual Studio Solution File, Format Version 12.00
# Visual Studio Version 17
VisualStudioVersion = 17.4.33213.308
MinimumVisualStudioVersion = 10.0.40219.1
Project("{8BC9CEB8-8B4A-11D0-8D11-00A0C91BC942}") = "homework_02", "homework_02\homework_02.vcxproj", "{B4ACBDF6-CCD8-4D36-9142-78D9E4A110E8}"
EndProject
Project("{8BC9CEB8-8B4A-11D0-8D11-00A0C91BC942}") = "homework_03_01", "homework_03_01\homework_03_01.vcxproj", "{02D8F87F-1E01-462C-A472-ACB9CACAEDEC}"
EndProject
Project("{8BC9CEB8-8B4A-11D0-8D11-00A0C91BC942}") = "homework_03_02", "homework_03_02\homework_03_02.vcxproj", "{EB2ACFA4-4FAD-41FB-8BE8-1B45E7AE7D49}"
EndProject
Project("{8BC9CEB8-8B4A-11D0-8D11-00A0C91BC942}") = "homework_03_03", "homework_03_03\homework_03_03.vcxproj", "{AE1BDFFE-1E33-4D9A-B5AC-F379D23FFFE9}"
EndProject
Project("{8BC9CEB8-8B4A-11D0-8D11-00A0C91BC942}") = "homework_03_04", "homework_03_04\homework_03_04.vcxproj", "{2767720F-D18D-4392-BD7C-06EC8D0514E9}"
EndProject
Project("{8BC9CEB8-8B4A-11D0-8D11-00A0C91BC942}") = "homework_03_05", "homework_03_05\homework_03_05.vcxproj", "{1649D0B9-C2AE-469B-BABD-5CFD948C210E}"
EndProject
Project("{8BC9CEB8-8B4A-11D0-8D11-00A0C91BC942}") = "homework_03_06", "homework_03_06\homework_03_06.vcxproj", "{0F195A98-2885-4FAC-9B4B-1E6D0D8E91E4}"
EndProject
Project("{8BC9CEB8-8B4A-11D0-8D11-00A0C91BC942}") = "homework_03_07", "homework_03_07\homework_03_07.vcxproj", "{671F75D6-168A-4435-B441-F4D548C0DD01}"
EndProject
Project("{8BC9CEB8-8B4A-11D0-8D11-00A0C91BC942}") = "homework_03_08", "homework_03_08\homework_03_08.vcxproj", "{59A439C4-4180-454F-A4F0-14DE57DE97E8}"
EndProject
Global
	GlobalSection(SolutionConfigurationPlatforms) = preSolution
		Debug|x64 = Debug|x64
		Debug|x86 = Debug|x86
		Release|x64 = Release|x64
		Release|x86 = Release|x86
	EndGlobalSection
	GlobalSection(ProjectConfigurationPlatforms) = postSolution
		{B4ACBDF6-CCD8-4D36-9142-78D9E4A110E8}.Debug|x64.ActiveCfg = Debug|x64
		{B4ACBDF6-CCD8-4D36-9142-78D9E4A110E8}.Debug|x64.Build.0 = Debug|x64
		{B4ACBDF6-CCD8-4D36-9142-78D9E4A110E8}.Debug|x86.ActiveCfg = Debug|Win32
		{B4ACBDF6-CCD8-4D36-9142-78D9E4A110E8}.Debug|x86.Build.0 = Debug|Win32
		{B4ACBDF6-CCD8-4D36-9142-78D9E4A110E8}.Release|x64.ActiveCfg = Release|x64
		{B4ACBDF6-CCD8-4D36-9142-78D9E4A110E8}.Release|x64.Build.0 = Release|x64
		{B4ACBDF6-CCD8-4D36-9142-78D9E4A110E8}.Release|x86.ActiveCfg = Release|Win32
		{B4ACBDF6-CCD8-4D36-9142-78D9E4A110E8}.Release|x86.Build.0 = Release|Win32
		{02D8F87F-1E01-462C-A472-ACB9CACAEDEC}.Debug|x64.ActiveCfg = Debug|x64
		{02D8F87F-1E01-462C-A472-ACB9CACAEDEC}.Debug|x64.Build.0 = Debug|x64
		{02D8F87F-1E01-462C-A472-ACB9CACAEDEC}.Debug|x86.ActiveCfg = Debug|Win32
		{02D8F87F-1E01-462C-A472-ACB9CACAEDEC}.Debug|x86.Build.0 = Debug|Win32
		{02D8F87F-1E01-462C-A472-ACB9CACAEDEC}.Release|x64.ActiveCfg = Release|x64
		{02D8F87F-1E01-462C-A472-ACB9CACAEDEC}.Release|x64.Build.0 = Release|x64
		{02D8F87F-1E01-462C-A472-ACB9CACAEDEC}.Release|x86.ActiveCfg = Release|Win32
		{02D8F87F-1E01-462C-A472-ACB9CACAEDEC}.Release|x86.Build.0 = Release|Win32
		{EB2ACFA4-4FAD-41FB-8BE8-1B45E7AE7D49}.Debug|x64.ActiveCfg = Debug|x64
		{EB2ACFA4-4FAD-41FB-8BE8-1B45E7AE7D49}.Debug|x64.Build.0 = Debug|x64
		{EB2ACFA4-4FAD-41FB-8BE8-1B45E7AE7D49}.Debug|x86.ActiveCfg = Debug|Win32
		{EB2ACFA4-4FAD-41FB-8BE8-1B45E7AE7D49}.Debug|x86.Build.0 = Debug|Win32
		{EB2ACFA4-4FAD-41FB-8BE8-1B45E7AE7D49}.Release|x64.ActiveCfg = Release|x64
		{EB2ACFA4-4FAD-41FB-8BE8-1B45E7AE7D49}.Release|x64.Build.0 = Release|x64
		{EB2ACFA4-4FAD-41FB-8BE8-1B45E7AE7D49}.Release|x86.ActiveCfg = Release|Win32
		{EB2ACFA4-4FAD-41FB-8BE8-1B45E7AE7D49}.Release|x86.Build.0 = Release|Win32
		{AE1BDFFE-1E33-4D9A-B5AC-F379D23FFFE9}.Debug|x64.ActiveCfg = Debug|x64
		{AE1BDFFE-1E33-4D9A-B5AC-F379D23FFFE9}.Debug|x64.Build.0 = Debug|x64
		{AE1BDFFE-1E33-4D9A-B5AC-F379D23FFFE9}.Debug|x86.ActiveCfg = Debug|Win32
		{AE1BDFFE-1E33-4D9A-B5AC-F379D23FFFE9}.Debug|x86.Build.0 = Debug|Win32
		{AE1BDFFE-1E33-4D9A-B5AC-F379D23FFFE9}.Release|x64.ActiveCfg = Release|x64
		{AE1BDFFE-1E33-4D9A-B5AC-F379D23FFFE9}.Release|x64.Build.0 = Release|x64
		{AE1BDFFE-1E33-4D9A-B5AC-F379D23FFFE9}.Release|x86.ActiveCfg = Release|Win32
		{AE1BDFFE-1E33-4D9A-B5AC-F379D23FFFE9}.Release|x86.Build.0 = Release|Win32
		{2767720F-D18D-4392-BD7C-06EC8D0514E9}.Debug|x64.ActiveCfg = Debug|x64
		{2767720F-D18D-4392-BD7C-06EC8D0514E9}.Debug|x64.Build.0 = Debug|x64
		{2767720F-D18D-4392-BD7C-06EC8D0514E9}.Debug|x86.ActiveCfg = Debug|Win32
		{2767720F-D18D-4392-BD7C-06EC8D0514E9}.Debug|x86.Build.0 = Debug|Win32
		{2767720F-D18D-4392-BD7C-06EC8D0514E9}.Release|x64.ActiveCfg = Release|x64
		{2767720F-D18D-4392-BD7C-06EC8D0514E9}.Release|x64.Build.0 = Release|x64
		{2767720F-D18D-4392-BD7C-06EC8D0514E9}.Release|x86.ActiveCfg = Release|Win32
		{2767720F-D18D-4392-BD7C-06EC8D0514E9}.Release|x86.Build.0 = Release|Win32
		{1649D0B9-C2AE-469B-BABD-5CFD948C210E}.Debug|x64.ActiveCfg = Debug|x64
		{1649D0B9-C2AE-469B-BABD-5CFD948C210E}.Debug|x64.Build.0 = Debug|x64
		{1649D0B9-C2AE-469B-BABD-5CFD948C210E}.Debug|x86.ActiveCfg = Debug|Win32
		{1649D0B9-C2AE-469B-BABD-5CFD948C210E}.Debug|x86.Build.0 = Debug|Win32
		{1649D0B9-C2AE-469B-BABD-5CFD948C210E}.Release|x64.ActiveCfg = Release|x64
		{1649D0B9-C2AE-469B-BABD-5CFD948C210E}.Release|x64.Build.0 = Release|x64
		{1649D0B9-C2AE-469B-BABD-5CFD948C210E}.Release|x86.ActiveCfg = Release|Win32
		{1649D0B9-C2AE-469B-BABD-5CFD948C210E}.Release|x86.Build.0 = Release|Win32
		{0F195A98-2885-4FAC-9B4B-1E6D0D8E91E4}.Debug|x64.ActiveCfg = Debug|x64
		{0F195A98-2885-4FAC-9B4B-1E6D0D8E91E4}.Debug|x64.Build.0 = Debug|x64
		{0F195A98-2885-4FAC-9B4B-1E6D0D8E91E4}.Debug|x86.ActiveCfg = Debug|Win32
		{0F195A98-2885-4FAC-9B4B-1E6D0D8E91E4}.Debug|x86.Build.0 = Debug|Win32
		{0F195A98-2885-4FAC-9B4B-1E6D0D8E91E4}.Release|x64.ActiveCfg = Release|x64
		{0F195A98-2885-4FAC-9B4B-1E6D0D8E91E4}.Release|x64.Build.0 = Release|x64
		{0F195A98-2885-4FAC-9B4B-1E6D0D8E91E4}.Release|x86.ActiveCfg = Release|Win32
		{0F195A98-2885-4FAC-9B4B-1E6D0D8E91E4}.Release|x86.Build.0 = Release|Win32
		{671F75D6-168A-4435-B441-F4D548C0DD01}.Debug|x64.ActiveCfg = Debug|x64
		{671F75D6-168A-4435-B441-F4D548C0DD01}.Debug|x64.Build.0 = Debug|x64
		{671F75D6-168A-4435-B441-F4D548C0DD01}.Debug|x86.ActiveCfg = Debug|Win32
		{671F75D6-168A-4435-B441-F4D548C0DD01}.Debug|x86.Build.0 = Debug|Win32
		{671F75D6-168A-4435-B441-F4D548C0DD01}.Release|x64.ActiveCfg = Release|x64
		{671F75D6-168A-4435-B441-F4D548C0DD01}.Release|x64.Build.0 = Release|x64
		{671F75D6-168A-4435-B441-F4D548C0DD01}.Release|x86.ActiveCfg = Release|Win32
		{671F75D6-168A-4435-B441-F4D548C0DD01}.Release|x86.Build.0 = Release|Win32
		{59A439C4-4180-454F-A4F0-14DE57DE97E8}.Debug|x64.ActiveCfg = Debug|x64
		{59A439C4-4180-454F-A4F0-14DE57DE97E8}.Debug|x64.Build.0 = Debug|x64
		{59A439C4-4180-454F-A4F0-14DE57DE97E8}.Debug|x86.ActiveCfg = Debug|Win32
		{59A439C4-4180-454F-A4F0-14DE57DE97E8}.Debug|x86.Build.0 = Debug|Win32
		{59A439C4-4180-454F-A4F0-14DE57DE97E8}.Release|x64.ActiveCfg = Release|x64
		{59A439C4-4180-454F-A4F0-14DE57DE97E8}.Release|x64.Build.0 = Release|x64
		{59A439C4-4180-454F-A4F0-14DE57DE97E8}.Release|x86.ActiveCfg = Release|Win32
		{59A439C4-4180-454F-A4F0-14DE57DE97E8}.Release|x86.Build.0 = Release|Win32
	EndGlobalSection
	GlobalSection(SolutionProperties) = preSolution
		HideSolutionNode = FALSE
	EndGlobalSection
	GlobalSection(ExtensibilityGlobals) = postSolution
		SolutionGuid = {27A7B33D-BC49-4F73-9AEE-51EDC029B04E}
	EndGlobalSection
EndGlobal
